
Microsoft Visual Studio Solution File, Format Version 12.00
# Visual Studio Version 17
VisualStudioVersion = 17.14.36518.9 d17.14
MinimumVisualStudioVersion = 10.0.40219.1
Project("{FAE04EC0-301F-11D3-BF4B-00C04F79EFBC}") = "Image Encryption", "Image Encryption.csproj", "{0FAD18A6-6106-45D9-AE40-0A21027FD19B}"
EndProject
Global
	GlobalSection(SolutionConfigurationPlatforms) = preSolution
		Debug|Any CPU = Debug|Any CPU
		Release|Any CPU = Release|Any CPU
	EndGlobalSection
	GlobalSection(ProjectConfigurationPlatforms) = postSolution
		{0FAD18A6-6106-45D9-AE40-0A21027FD19B}.Debug|Any CPU.ActiveCfg = Debug|Any CPU
		{0FAD18A6-6106-45D9-AE40-0A21027FD19B}.Debug|Any CPU.Build.0 = Debug|Any CPU
		{0FAD18A6-6106-45D9-AE40-0A21027FD19B}.Release|Any CPU.ActiveCfg = Release|Any CPU
		{0FAD18A6-6106-45D9-AE40-0A21027FD19B}.Release|Any CPU.Build.0 = Release|Any CPU
	EndGlobalSection
	GlobalSection(SolutionProperties) = preSolution
		HideSolutionNode = FALSE
	EndGlobalSection
	GlobalSection(ExtensibilityGlobals) = postSolution
		SolutionGuid = {633BBFEB-4170-4008-BBDF-F6A3C54DE5B6}
	EndGlobalSection
EndGlobal
